
Microsoft Visual Studio Solution File, Format Version 12.00
# Visual Studio 15
Project("{FAE04EC0-301F-11D3-BF4B-00C04F79EFBC}") = "TabbedPages.Android", "TabbedPages.Android\TabbedPages.Android.csproj", "{ABFB4CA7-82BD-4560-B132-710C0AD272A4}"
EndProject
Project("{FAE04EC0-301F-11D3-BF4B-00C04F79EFBC}") = "TabbedPages.iOS", "TabbedPages.iOS\TabbedPages.iOS.csproj", "{E9C35F52-7381-410D-B75F-8010F7CD2627}"
EndProject
Project("{FAE04EC0-301F-11D3-BF4B-00C04F79EFBC}") = "TabbedPages", "TabbedPages\TabbedPages.csproj", "{049D76D8-AF5D-46FE-93D4-87B0CA8926A0}"
EndProject
Global
	GlobalSection(SolutionConfigurationPlatforms) = preSolution
		Debug|Any CPU = Debug|Any CPU
		Release|Any CPU = Release|Any CPU
		Debug|iPhoneSimulator = Debug|iPhoneSimulator
		Release|iPhoneSimulator = Release|iPhoneSimulator
		Debug|iPhone = Debug|iPhone
		Release|iPhone = Release|iPhone
	EndGlobalSection
	GlobalSection(ProjectConfigurationPlatforms) = postSolution
		{ABFB4CA7-82BD-4560-B132-710C0AD272A4}.Debug|Any CPU.ActiveCfg = Debug|Any CPU
		{ABFB4CA7-82BD-4560-B132-710C0AD272A4}.Debug|Any CPU.Build.0 = Debug|Any CPU
		{ABFB4CA7-82BD-4560-B132-710C0AD272A4}.Release|Any CPU.ActiveCfg = Release|Any CPU
		{ABFB4CA7-82BD-4560-B132-710C0AD272A4}.Release|Any CPU.Build.0 = Release|Any CPU
		{ABFB4CA7-82BD-4560-B132-710C0AD272A4}.Debug|iPhoneSimulator.ActiveCfg = Debug|Any CPU
		{ABFB4CA7-82BD-4560-B132-710C0AD272A4}.Debug|iPhoneSimulator.Build.0 = Debug|Any CPU
		{ABFB4CA7-82BD-4560-B132-710C0AD272A4}.Release|iPhoneSimulator.ActiveCfg = Release|Any CPU
		{ABFB4CA7-82BD-4560-B132-710C0AD272A4}.Release|iPhoneSimulator.Build.0 = Release|Any CPU
		{ABFB4CA7-82BD-4560-B132-710C0AD272A4}.Debug|iPhone.ActiveCfg = Debug|Any CPU
		{ABFB4CA7-82BD-4560-B132-710C0AD272A4}.Debug|iPhone.Build.0 = Debug|Any CPU
		{ABFB4CA7-82BD-4560-B132-710C0AD272A4}.Release|iPhone.ActiveCfg = Release|Any CPU
		{ABFB4CA7-82BD-4560-B132-710C0AD272A4}.Release|iPhone.Build.0 = Release|Any CPU
		{E9C35F52-7381-410D-B75F-8010F7CD2627}.Debug|Any CPU.ActiveCfg = Debug|iPhoneSimulator
		{E9C35F52-7381-410D-B75F-8010F7CD2627}.Debug|Any CPU.Build.0 = Debug|iPhoneSimulator
		{E9C35F52-7381-410D-B75F-8010F7CD2627}.Release|Any CPU.ActiveCfg = Release|iPhoneSimulator
		{E9C35F52-7381-410D-B75F-8010F7CD2627}.Release|Any CPU.Build.0 = Release|iPhoneSimulator
		{E9C35F52-7381-410D-B75F-8010F7CD2627}.Debug|iPhoneSimulator.ActiveCfg = Debug|iPhoneSimulator
		{E9C35F52-7381-410D-B75F-8010F7CD2627}.Debug|iPhoneSimulator.Build.0 = Debug|iPhoneSimulator
		{E9C35F52-7381-410D-B75F-8010F7CD2627}.Release|iPhoneSimulator.ActiveCfg = Release|iPhoneSimulator
		{E9C35F52-7381-410D-B75F-8010F7CD2627}.Release|iPhoneSimulator.Build.0 = Release|iPhoneSimulator
		{E9C35F52-7381-410D-B75F-8010F7CD2627}.Debug|iPhone.ActiveCfg = Debug|iPhone
		{E9C35F52-7381-410D-B75F-8010F7CD2627}.Debug|iPhone.Build.0 = Debug|iPhone
		{E9C35F52-7381-410D-B75F-8010F7CD2627}.Release|iPhone.ActiveCfg = Release|iPhone
		{E9C35F52-7381-410D-B75F-8010F7CD2627}.Release|iPhone.Build.0 = Release|iPhone
		{049D76D8-AF5D-46FE-93D4-87B0CA8926A0}.Debug|Any CPU.ActiveCfg = Debug|Any CPU
		{049D76D8-AF5D-46FE-93D4-87B0CA8926A0}.Debug|Any CPU.Build.0 = Debug|Any CPU
		{049D76D8-AF5D-46FE-93D4-87B0CA8926A0}.Release|Any CPU.ActiveCfg = Release|Any CPU
		{049D76D8-AF5D-46FE-93D4-87B0CA8926A0}.Release|Any CPU.Build.0 = Release|Any CPU
		{049D76D8-AF5D-46FE-93D4-87B0CA8926A0}.Debug|iPhoneSimulator.ActiveCfg = Debug|Any CPU
		{049D76D8-AF5D-46FE-93D4-87B0CA8926A0}.Debug|iPhoneSimulator.Build.0 = Debug|Any CPU
		{049D76D8-AF5D-46FE-93D4-87B0CA8926A0}.Release|iPhoneSimulator.ActiveCfg = Release|Any CPU
		{049D76D8-AF5D-46FE-93D4-87B0CA8926A0}.Release|iPhoneSimulator.Build.0 = Release|Any CPU
		{049D76D8-AF5D-46FE-93D4-87B0CA8926A0}.Debug|iPhone.ActiveCfg = Debug|Any CPU
		{049D76D8-AF5D-46FE-93D4-87B0CA8926A0}.Debug|iPhone.Build.0 = Debug|Any CPU
		{049D76D8-AF5D-46FE-93D4-87B0CA8926A0}.Release|iPhone.ActiveCfg = Release|Any CPU
		{049D76D8-AF5D-46FE-93D4-87B0CA8926A0}.Release|iPhone.Build.0 = Release|Any CPU
	EndGlobalSection
EndGlobal
